
Microsoft Visual Studio Solution File, Format Version 12.00
# Visual Studio Version 17
VisualStudioVersion = 17.0.31903.59
MinimumVisualStudioVersion = 10.0.40219.1
Project("{2150E333-8FDC-42A3-9474-1A3956D46DE8}") = "src", "src", "{0452569A-581B-4934-8AF0-A58C492630D8}"
EndProject
Project("{FAE04EC0-301F-11D3-BF4B-00C04F79EFBC}") = "Wandb", "src\Wandb\Wandb.csproj", "{3AB02F61-818B-4C47-BAF7-1A0D341F3521}"
EndProject
Project("{2150E333-8FDC-42A3-9474-1A3956D46DE8}") = "tests", "tests", "{2701F7F2-1884-4165-9CA0-9FD9680779E7}"
EndProject
Project("{FAE04EC0-301F-11D3-BF4B-00C04F79EFBC}") = "Wandb.Tests", "tests\Wandb.Tests\Wandb.Tests.csproj", "{960D1535-0FBA-4E50-B8B1-3C752570DF76}"
EndProject
Global
	GlobalSection(SolutionConfigurationPlatforms) = preSolution
		Debug|Any CPU = Debug|Any CPU
		Release|Any CPU = Release|Any CPU
	EndGlobalSection
	GlobalSection(SolutionProperties) = preSolution
		HideSolutionNode = FALSE
	EndGlobalSection
	GlobalSection(ProjectConfigurationPlatforms) = postSolution
		{3AB02F61-818B-4C47-BAF7-1A0D341F3521}.Debug|Any CPU.ActiveCfg = Debug|Any CPU
		{3AB02F61-818B-4C47-BAF7-1A0D341F3521}.Debug|Any CPU.Build.0 = Debug|Any CPU
		{3AB02F61-818B-4C47-BAF7-1A0D341F3521}.Release|Any CPU.ActiveCfg = Release|Any CPU
		{3AB02F61-818B-4C47-BAF7-1A0D341F3521}.Release|Any CPU.Build.0 = Release|Any CPU
		{960D1535-0FBA-4E50-B8B1-3C752570DF76}.Debug|Any CPU.ActiveCfg = Debug|Any CPU
		{960D1535-0FBA-4E50-B8B1-3C752570DF76}.Debug|Any CPU.Build.0 = Debug|Any CPU
		{960D1535-0FBA-4E50-B8B1-3C752570DF76}.Release|Any CPU.ActiveCfg = Release|Any CPU
		{960D1535-0FBA-4E50-B8B1-3C752570DF76}.Release|Any CPU.Build.0 = Release|Any CPU
	EndGlobalSection
	GlobalSection(NestedProjects) = preSolution
		{3AB02F61-818B-4C47-BAF7-1A0D341F3521} = {0452569A-581B-4934-8AF0-A58C492630D8}
		{960D1535-0FBA-4E50-B8B1-3C752570DF76} = {2701F7F2-1884-4165-9CA0-9FD9680779E7}
	EndGlobalSection
EndGlobal
